
Microsoft Visual Studio Solution File, Format Version 12.00
# Visual Studio Version 17
VisualStudioVersion = 17.11.35312.102
MinimumVisualStudioVersion = 10.0.40219.1
Project("{9A19103F-16F7-4668-BE54-9A1E7A4F7556}") = "GuestTracker", "GuestTracker\GuestTracker.csproj", "{5E274D60-2F54-43D9-B5C9-E685B84D2CEC}"
EndProject
Global
	GlobalSection(SolutionConfigurationPlatforms) = preSolution
		Debug|Any CPU = Debug|Any CPU
		Release|Any CPU = Release|Any CPU
	EndGlobalSection
	GlobalSection(ProjectConfigurationPlatforms) = postSolution
		{5E274D60-2F54-43D9-B5C9-E685B84D2CEC}.Debug|Any CPU.ActiveCfg = Debug|Any CPU
		{5E274D60-2F54-43D9-B5C9-E685B84D2CEC}.Debug|Any CPU.Build.0 = Debug|Any CPU
		{5E274D60-2F54-43D9-B5C9-E685B84D2CEC}.Release|Any CPU.ActiveCfg = Release|Any CPU
		{5E274D60-2F54-43D9-B5C9-E685B84D2CEC}.Release|Any CPU.Build.0 = Release|Any CPU
	EndGlobalSection
	GlobalSection(SolutionProperties) = preSolution
		HideSolutionNode = FALSE
	EndGlobalSection
	GlobalSection(ExtensibilityGlobals) = postSolution
		SolutionGuid = {05F9CAF5-CB23-4512-84EE-A0338548E8D4}
	EndGlobalSection
EndGlobal
